
Microsoft Visual Studio Solution File, Format Version 12.00
# Visual Studio 14
VisualStudioVersion = 14.0.25420.1
MinimumVisualStudioVersion = 10.0.40219.1
Project("{FAE04EC0-301F-11D3-BF4B-00C04F79EFBC}") = "RabbitMQNet40", "RabbitMQNet40.csproj", "{8A2860CC-BC68-4D0E-97D6-29FCEB465810}"
EndProject
Project("{FAE04EC0-301F-11D3-BF4B-00C04F79EFBC}") = "Publisher", "Publisher\Publisher.csproj", "{A481721B-1CDD-4994-9FD3-9F6A9E6FEA01}"
EndProject
Global
	GlobalSection(SolutionConfigurationPlatforms) = preSolution
		Debug|Any CPU = Debug|Any CPU
		Release|Any CPU = Release|Any CPU
	EndGlobalSection
	GlobalSection(ProjectConfigurationPlatforms) = postSolution
		{8A2860CC-BC68-4D0E-97D6-29FCEB465810}.Debug|Any CPU.ActiveCfg = Debug|Any CPU
		{8A2860CC-BC68-4D0E-97D6-29FCEB465810}.Debug|Any CPU.Build.0 = Debug|Any CPU
		{8A2860CC-BC68-4D0E-97D6-29FCEB465810}.Release|Any CPU.ActiveCfg = Release|Any CPU
		{8A2860CC-BC68-4D0E-97D6-29FCEB465810}.Release|Any CPU.Build.0 = Release|Any CPU
		{A481721B-1CDD-4994-9FD3-9F6A9E6FEA01}.Debug|Any CPU.ActiveCfg = Debug|Any CPU
		{A481721B-1CDD-4994-9FD3-9F6A9E6FEA01}.Debug|Any CPU.Build.0 = Debug|Any CPU
		{A481721B-1CDD-4994-9FD3-9F6A9E6FEA01}.Release|Any CPU.ActiveCfg = Release|Any CPU
		{A481721B-1CDD-4994-9FD3-9F6A9E6FEA01}.Release|Any CPU.Build.0 = Release|Any CPU
	EndGlobalSection
	GlobalSection(SolutionProperties) = preSolution
		HideSolutionNode = FALSE
	EndGlobalSection
EndGlobal
